# This file is automatically @generated by Cargo.
# It is not intended for manual editing.
version = 4

[[package]]
name = "qfin"
version = "0.0.0"

[[package]]
name = "qfin-api"
version = "0.0.0"

[[package]]
name = "qfin-fundamental"
version = "0.0.0"

[[package]]
name = "qfin-math"
version = "0.0.0"

[[package]]
name = "qfin-ml"
version = "0.0.0"

[[package]]
name = "qfin-technical"
version = "0.0.0"

[[package]]
name = "qfin-time"
version = "0.0.0"
